
Microsoft Visual Studio Solution File, Format Version 12.00
# Visual Studio 15
VisualStudioVersion = 15.0.28307.960
MinimumVisualStudioVersion = 10.0.40219.1
Project("{FAE04EC0-301F-11D3-BF4B-00C04F79EFBC}") = "PlainSite", "PlainSite\PlainSite.csproj", "{0ADF7683-BAA3-43C8-8A0B-CFA030B3EA4A}"
EndProject
Global
	GlobalSection(SolutionConfigurationPlatforms) = preSolution
		Debug|Any CPU = Debug|Any CPU
		Release|Any CPU = Release|Any CPU
	EndGlobalSection
	GlobalSection(ProjectConfigurationPlatforms) = postSolution
		{0ADF7683-BAA3-43C8-8A0B-CFA030B3EA4A}.Debug|Any CPU.ActiveCfg = Debug|Any CPU
		{0ADF7683-BAA3-43C8-8A0B-CFA030B3EA4A}.Debug|Any CPU.Build.0 = Debug|Any CPU
		{0ADF7683-BAA3-43C8-8A0B-CFA030B3EA4A}.Release|Any CPU.ActiveCfg = Release|Any CPU
		{0ADF7683-BAA3-43C8-8A0B-CFA030B3EA4A}.Release|Any CPU.Build.0 = Release|Any CPU
	EndGlobalSection
	GlobalSection(SolutionProperties) = preSolution
		HideSolutionNode = FALSE
	EndGlobalSection
	GlobalSection(ExtensibilityGlobals) = postSolution
		SolutionGuid = {A0EAA51B-36A7-4315-9C81-4431775862DB}
	EndGlobalSection
EndGlobal
